
Microsoft Visual Studio Solution File, Format Version 12.00
# Visual Studio Version 17
VisualStudioVersion = 17.3.32804.467
MinimumVisualStudioVersion = 10.0.40219.1
Project("{FAE04EC0-301F-11D3-BF4B-00C04F79EFBC}") = "RebasingTesting", "RebasingTesting\RebasingTesting.csproj", "{A85E2BD2-6CD3-43B2-8C84-68341F3EF2D1}"
EndProject
Global
	GlobalSection(SolutionConfigurationPlatforms) = preSolution
		Debug|Any CPU = Debug|Any CPU
		Release|Any CPU = Release|Any CPU
	EndGlobalSection
	GlobalSection(ProjectConfigurationPlatforms) = postSolution
		{A85E2BD2-6CD3-43B2-8C84-68341F3EF2D1}.Debug|Any CPU.ActiveCfg = Debug|Any CPU
		{A85E2BD2-6CD3-43B2-8C84-68341F3EF2D1}.Debug|Any CPU.Build.0 = Debug|Any CPU
		{A85E2BD2-6CD3-43B2-8C84-68341F3EF2D1}.Release|Any CPU.ActiveCfg = Release|Any CPU
		{A85E2BD2-6CD3-43B2-8C84-68341F3EF2D1}.Release|Any CPU.Build.0 = Release|Any CPU
	EndGlobalSection
	GlobalSection(SolutionProperties) = preSolution
		HideSolutionNode = FALSE
	EndGlobalSection
	GlobalSection(ExtensibilityGlobals) = postSolution
		SolutionGuid = {8401AA0D-18AD-49C9-824B-72660417B920}
	EndGlobalSection
EndGlobal
